// !$*UTF8*$!
{
	archiveVersion = 1;
	classes = {
	};
	objectVersion = 56;
	objects = {

/* Begin PBXBuildFile section */
		182594152D894B4700B0AD44 /* SHTFavoritePlayletCell.m in Sources */ = {isa = PBXBuildFile; fileRef = 182594142D894B4700B0AD44 /* SHTFavoritePlayletCell.m */; };
		1843A1D82DB8C952008116EB /* SHTVerticalButton.m in Sources */ = {isa = PBXBuildFile; fileRef = 1843A1D72DB8C952008116EB /* SHTVerticalButton.m */; };
		1843A1DE2DB8D765008116EB /* SHTToolsManager.m in Sources */ = {isa = PBXBuildFile; fileRef = 1843A1DD2DB8D765008116EB /* SHTToolsManager.m */; };
		1843A1E12DB8D7A3008116EB /* SHTMBProgressManager.m in Sources */ = {isa = PBXBuildFile; fileRef = 1843A1E02DB8D7A3008116EB /* SHTMBProgressManager.m */; };
		1843A1E62DBB3348008116EB /* SHTSearchViewController.m in Sources */ = {isa = PBXBuildFile; fileRef = 1843A1E52DBB3347008116EB /* SHTSearchViewController.m */; };
		1843A1E92DBB349A008116EB /* SHTRouteUtil.m in Sources */ = {isa = PBXBuildFile; fileRef = 1843A1E82DBB349A008116EB /* SHTRouteUtil.m */; };
		1843A1EC2DBB7700008116EB /* SHTSearchBarView.m in Sources */ = {isa = PBXBuildFile; fileRef = 1843A1EB2DBB7700008116EB /* SHTSearchBarView.m */; };
		1843A1EF2DBB8D93008116EB /* SHTSearchCollectionViewCell.m in Sources */ = {isa = PBXBuildFile; fileRef = 1843A1EE2DBB8D93008116EB /* SHTSearchCollectionViewCell.m */; };
		1843A1F22DBE099A008116EB /* SHTSearchCollectionReusableView.m in Sources */ = {isa = PBXBuildFile; fileRef = 1843A1F12DBE099A008116EB /* SHTSearchCollectionReusableView.m */; };
		1843A1F52DBE314A008116EB /* SHTUserDefaults.m in Sources */ = {isa = PBXBuildFile; fileRef = 1843A1F42DBE314A008116EB /* SHTUserDefaults.m */; };
		1843A1F82DC0C85C008116EB /* SHTLeftAlignedFlowLayout.m in Sources */ = {isa = PBXBuildFile; fileRef = 1843A1F72DC0C85C008116EB /* SHTLeftAlignedFlowLayout.m */; };
		1843A1FB2DC0D368008116EB /* SHTSearchTableViewCell.m in Sources */ = {isa = PBXBuildFile; fileRef = 1843A1FA2DC0D368008116EB /* SHTSearchTableViewCell.m */; };
		1843A1FE2DC1C826008116EB /* SHTTopLeftLabel.m in Sources */ = {isa = PBXBuildFile; fileRef = 1843A1FD2DC1C826008116EB /* SHTTopLeftLabel.m */; };
		184859B72E17CFE300012C2E /* SHTPremiumFeaturesTableViewCell.m in Sources */ = {isa = PBXBuildFile; fileRef = 184859B62E17CFE300012C2E /* SHTPremiumFeaturesTableViewCell.m */; };
		184859BD2E1DF86700012C2E /* SHTKindReminderTableViewCell.m in Sources */ = {isa = PBXBuildFile; fileRef = 184859BC2E1DF86700012C2E /* SHTKindReminderTableViewCell.m */; };
		184859C02E1E6FE900012C2E /* kindReminder.json in Resources */ = {isa = PBXBuildFile; fileRef = 184859BF2E1E6FE900012C2E /* kindReminder.json */; };
		184859C42E1FC9F100012C2E /* membershipServiceAgreement.html in Resources */ = {isa = PBXBuildFile; fileRef = 184859C32E1FC9F100012C2E /* membershipServiceAgreement.html */; };
		184859C72E2099E700012C2E /* SHTServiceAgreementViewController.m in Sources */ = {isa = PBXBuildFile; fileRef = 184859C62E2099E700012C2E /* SHTServiceAgreementViewController.m */; };
		184D458F2E2F19C50059B501 /* SHTMineHeaderCell.m in Sources */ = {isa = PBXBuildFile; fileRef = 184D458E2E2F19C50059B501 /* SHTMineHeaderCell.m */; };
		184D45922E2F24480059B501 /* SHTTableViewCell.m in Sources */ = {isa = PBXBuildFile; fileRef = 184D45912E2F24480059B501 /* SHTTableViewCell.m */; };
		184D45952E2F27690059B501 /* SHTCollectionViewCell.m in Sources */ = {isa = PBXBuildFile; fileRef = 184D45942E2F27690059B501 /* SHTCollectionViewCell.m */; };
		184D45992E30687E0059B501 /* SHTMineModel.m in Sources */ = {isa = PBXBuildFile; fileRef = 184D45982E30687E0059B501 /* SHTMineModel.m */; };
		187041912E122363006BFAF8 /* SHTBriefIntroductionTableViewCell.m in Sources */ = {isa = PBXBuildFile; fileRef = 187041902E122363006BFAF8 /* SHTBriefIntroductionTableViewCell.m */; };
		187041942E1233CF006BFAF8 /* SHTBriefIntroductionModel.m in Sources */ = {isa = PBXBuildFile; fileRef = 187041932E1233CF006BFAF8 /* SHTBriefIntroductionModel.m */; };
		18A8C0292D9BC978003BC3B3 /* SHTFavoritePlayletModel.m in Sources */ = {isa = PBXBuildFile; fileRef = 18A8C0282D9BC978003BC3B3 /* SHTFavoritePlayletModel.m */; };
		18A8C02C2DA6485C003BC3B3 /* SHTAlertHelper.m in Sources */ = {isa = PBXBuildFile; fileRef = 18A8C02B2DA6485C003BC3B3 /* SHTAlertHelper.m */; };
		18A8C0322DA6608C003BC3B3 /* SHTEmptyPlaceholderView.m in Sources */ = {isa = PBXBuildFile; fileRef = 18A8C0312DA6608C003BC3B3 /* SHTEmptyPlaceholderView.m */; };
		18A8C0382DB0E2BB003BC3B3 /* SHTDrawVideoCollectView.m in Sources */ = {isa = PBXBuildFile; fileRef = 18A8C0372DB0E2BB003BC3B3 /* SHTDrawVideoCollectView.m */; };
		18CD2E352E37791200DD22D4 /* SHTRechargeRecordsViewController.m in Sources */ = {isa = PBXBuildFile; fileRef = 18CD2E342E37791200DD22D4 /* SHTRechargeRecordsViewController.m */; };
		18CD2E382E3857CA00DD22D4 /* SHTPrivacyPolicyViewController.m in Sources */ = {isa = PBXBuildFile; fileRef = 18CD2E372E3857CA00DD22D4 /* SHTPrivacyPolicyViewController.m */; };
		18CD2E3B2E385A1100DD22D4 /* SHTWebViewController.m in Sources */ = {isa = PBXBuildFile; fileRef = 18CD2E3A2E385A1100DD22D4 /* SHTWebViewController.m */; };
		18CD2E3D2E385DD400DD22D4 /* privacyPolicy.html in Resources */ = {isa = PBXBuildFile; fileRef = 18CD2E3C2E385DD400DD22D4 /* privacyPolicy.html */; };
		18CD2E402E39AAFA00DD22D4 /* SHTAppRateTool.m in Sources */ = {isa = PBXBuildFile; fileRef = 18CD2E3F2E39AAFA00DD22D4 /* SHTAppRateTool.m */; };
		18E717AA2E33087600C98C2D /* SHTOthersCell.m in Sources */ = {isa = PBXBuildFile; fileRef = 18E717A92E33087600C98C2D /* SHTOthersCell.m */; };
		18E717AD2E330C3400C98C2D /* SHTOthersCommonCell.m in Sources */ = {isa = PBXBuildFile; fileRef = 18E717AC2E330C3400C98C2D /* SHTOthersCommonCell.m */; };
		18F582062E29E14F002A23A2 /* SHTSubscriptionManager.m in Sources */ = {isa = PBXBuildFile; fileRef = 18F582052E29E14F002A23A2 /* SHTSubscriptionManager.m */; };
		18FAC3D62DFFE92C00B91FE8 /* SHTMemberTypeView.m in Sources */ = {isa = PBXBuildFile; fileRef = 18FAC3D42DFFE92C00B91FE8 /* SHTMemberTypeView.m */; };
		18FAC3D72DFFE92C00B91FE8 /* SHTMemberSelectionCell.m in Sources */ = {isa = PBXBuildFile; fileRef = 18FAC3D22DFFE92C00B91FE8 /* SHTMemberSelectionCell.m */; };
		18FAC3DA2DFFF24900B91FE8 /* SHTMemberModel.m in Sources */ = {isa = PBXBuildFile; fileRef = 18FAC3D92DFFF24900B91FE8 /* SHTMemberModel.m */; };
		18FAC3E12E09452F00B91FE8 /* SHTMemberImmediatelyCell.m in Sources */ = {isa = PBXBuildFile; fileRef = 18FAC3E02E09452F00B91FE8 /* SHTMemberImmediatelyCell.m */; };
		721C671F2D3CC87F00843445 /* AppDelegate+DJXDelegate.m in Sources */ = {isa = PBXBuildFile; fileRef = 721C671E2D3CC87F00843445 /* AppDelegate+DJXDelegate.m */; };
		721C67242D3CD8E400843445 /* SHTMacros.m in Sources */ = {isa = PBXBuildFile; fileRef = 721C67232D3CD8E400843445 /* SHTMacros.m */; };
		721C67282D3CDCC300843445 /* UIView+SHT.m in Sources */ = {isa = PBXBuildFile; fileRef = 721C67272D3CDCC300843445 /* UIView+SHT.m */; };
		722BA26A2E31265600F1E9E2 /* SHTOpenMemberAccountCell.m in Sources */ = {isa = PBXBuildFile; fileRef = 722BA2692E31265600F1E9E2 /* SHTOpenMemberAccountCell.m */; };
		722C406C2D868A9C00873769 /* SHTFavoriteViewController.m in Sources */ = {isa = PBXBuildFile; fileRef = 722C406B2D868A9C00873769 /* SHTFavoriteViewController.m */; };
		723FEA962DFD537E00D05C5E /* SHTMemberCenterViewController.m in Sources */ = {isa = PBXBuildFile; fileRef = 723FEA952DFD537E00D05C5E /* SHTMemberCenterViewController.m */; };
		723FEA992DFD56A900D05C5E /* SHTDeviceIDManager.m in Sources */ = {isa = PBXBuildFile; fileRef = 723FEA982DFD56A900D05C5E /* SHTDeviceIDManager.m */; };
		723FEA9C2DFD59CA00D05C5E /* SHTStringFormatter.m in Sources */ = {isa = PBXBuildFile; fileRef = 723FEA9B2DFD59CA00D05C5E /* SHTStringFormatter.m */; };
		72443C2E2D2A260B003E6189 /* AppDelegate.m in Sources */ = {isa = PBXBuildFile; fileRef = 72443C2D2D2A260B003E6189 /* AppDelegate.m */; };
		72443C392D2A260D003E6189 /* Assets.xcassets in Resources */ = {isa = PBXBuildFile; fileRef = 72443C382D2A260D003E6189 /* Assets.xcassets */; };
		72443C3C2D2A260D003E6189 /* Base in Resources */ = {isa = PBXBuildFile; fileRef = 72443C3B2D2A260D003E6189 /* Base */; };
		72443C3F2D2A260D003E6189 /* main.m in Sources */ = {isa = PBXBuildFile; fileRef = 72443C3E2D2A260D003E6189 /* main.m */; };
		727A4E602DC89C500096E550 /* SHTFavoriteManager.m in Sources */ = {isa = PBXBuildFile; fileRef = 727A4E5F2DC89C500096E550 /* SHTFavoriteManager.m */; };
		727DE6F82D3B3EE9000681FD /* SDK_Setting_5603361.json in Resources */ = {isa = PBXBuildFile; fileRef = 727DE6F72D3B3EE9000681FD /* SDK_Setting_5603361.json */; };
		72821D1E2D521DD100074647 /* SHTKaiPingADViewController.m in Sources */ = {isa = PBXBuildFile; fileRef = 72821D1D2D521DD100074647 /* SHTKaiPingADViewController.m */; };
		728F44362E08134300361C28 /* SHTViewController.m in Sources */ = {isa = PBXBuildFile; fileRef = 728F44352E08134300361C28 /* SHTViewController.m */; };
		728F44392E2C8E2B00361C28 /* SHTNonSelectableTextView.m in Sources */ = {isa = PBXBuildFile; fileRef = 728F44382E2C8E2B00361C28 /* SHTNonSelectableTextView.m */; };
		7293FADE2E3E11ED00CBB64C /* SHTSubscriptionHelper.swift in Sources */ = {isa = PBXBuildFile; fileRef = 7293FADD2E3E11ED00CBB64C /* SHTSubscriptionHelper.swift */; };
		7293FAE12E42452100CBB64C /* SHTKeychainHelper.m in Sources */ = {isa = PBXBuildFile; fileRef = 7293FAE02E42452100CBB64C /* SHTKeychainHelper.m */; };
		72C98E782D4607BB00978694 /* AppDelegate+ADSDK.m in Sources */ = {isa = PBXBuildFile; fileRef = 72C98E772D4607BB00978694 /* AppDelegate+ADSDK.m */; };
		72C98E7B2D460F6400978694 /* SHTHomeViewController.m in Sources */ = {isa = PBXBuildFile; fileRef = 72C98E7A2D460F6400978694 /* SHTHomeViewController.m */; };
		72EB882B2D6D3CE60024DDBD /* SHTTabBarController.m in Sources */ = {isa = PBXBuildFile; fileRef = 72EB882A2D6D3CE60024DDBD /* SHTTabBarController.m */; };
		72EB882E2D6D40430024DDBD /* SHTMineViewController.m in Sources */ = {isa = PBXBuildFile; fileRef = 72EB882D2D6D40430024DDBD /* SHTMineViewController.m */; };
		FF4F5F36BB0BF703BFE1592F /* libPods-seaHorseTheater.a in Frameworks */ = {isa = PBXBuildFile; fileRef = 31EB9005534C5A2276EF08C8 /* libPods-seaHorseTheater.a */; };
/* End PBXBuildFile section */

/* Begin PBXFileReference section */
		0FE71F876FF70A76297AAC06 /* Pods-seaHorseTheater.debug.xcconfig */ = {isa = PBXFileReference; includeInIndex = 1; lastKnownFileType = text.xcconfig; name = "Pods-seaHorseTheater.debug.xcconfig"; path = "Target Support Files/Pods-seaHorseTheater/Pods-seaHorseTheater.debug.xcconfig"; sourceTree = "<group>"; };
		182594132D894B4700B0AD44 /* SHTFavoritePlayletCell.h */ = {isa = PBXFileReference; lastKnownFileType = sourcecode.c.h; path = SHTFavoritePlayletCell.h; sourceTree = "<group>"; };
		182594142D894B4700B0AD44 /* SHTFavoritePlayletCell.m */ = {isa = PBXFileReference; lastKnownFileType = sourcecode.c.objc; path = SHTFavoritePlayletCell.m; sourceTree = "<group>"; };
		183083BA2E4197AB00DDA88A /* PrefixHeader.pch */ = {isa = PBXFileReference; lastKnownFileType = sourcecode.c.h; path = PrefixHeader.pch; sourceTree = "<group>"; };
		1843A1D62DB8C952008116EB /* SHTVerticalButton.h */ = {isa = PBXFileReference; lastKnownFileType = sourcecode.c.h; path = SHTVerticalButton.h; sourceTree = "<group>"; };
		1843A1D72DB8C952008116EB /* SHTVerticalButton.m */ = {isa = PBXFileReference; lastKnownFileType = sourcecode.c.objc; path = SHTVerticalButton.m; sourceTree = "<group>"; };
		1843A1DD2DB8D765008116EB /* SHTToolsManager.m */ = {isa = PBXFileReference; lastKnownFileType = sourcecode.c.objc; path = SHTToolsManager.m; sourceTree = "<group>"; };
		1843A1DF2DB8D7A3008116EB /* SHTMBProgressManager.h */ = {isa = PBXFileReference; lastKnownFileType = sourcecode.c.h; path = SHTMBProgressManager.h; sourceTree = "<group>"; };
		1843A1E02DB8D7A3008116EB /* SHTMBProgressManager.m */ = {isa = PBXFileReference; lastKnownFileType = sourcecode.c.objc; path = SHTMBProgressManager.m; sourceTree = "<group>"; };
		1843A1E42DBB3347008116EB /* SHTSearchViewController.h */ = {isa = PBXFileReference; lastKnownFileType = sourcecode.c.h; path = SHTSearchViewController.h; sourceTree = "<group>"; };
		1843A1E52DBB3347008116EB /* SHTSearchViewController.m */ = {isa = PBXFileReference; lastKnownFileType = sourcecode.c.objc; path = SHTSearchViewController.m; sourceTree = "<group>"; };
		1843A1E72DBB349A008116EB /* SHTRouteUtil.h */ = {isa = PBXFileReference; lastKnownFileType = sourcecode.c.h; path = SHTRouteUtil.h; sourceTree = "<group>"; };
		1843A1E82DBB349A008116EB /* SHTRouteUtil.m */ = {isa = PBXFileReference; lastKnownFileType = sourcecode.c.objc; path = SHTRouteUtil.m; sourceTree = "<group>"; };
		1843A1EA2DBB7700008116EB /* SHTSearchBarView.h */ = {isa = PBXFileReference; lastKnownFileType = sourcecode.c.h; path = SHTSearchBarView.h; sourceTree = "<group>"; };
		1843A1EB2DBB7700008116EB /* SHTSearchBarView.m */ = {isa = PBXFileReference; lastKnownFileType = sourcecode.c.objc; path = SHTSearchBarView.m; sourceTree = "<group>"; };
		1843A1ED2DBB8D93008116EB /* SHTSearchCollectionViewCell.h */ = {isa = PBXFileReference; lastKnownFileType = sourcecode.c.h; path = SHTSearchCollectionViewCell.h; sourceTree = "<group>"; };
		1843A1EE2DBB8D93008116EB /* SHTSearchCollectionViewCell.m */ = {isa = PBXFileReference; lastKnownFileType = sourcecode.c.objc; path = SHTSearchCollectionViewCell.m; sourceTree = "<group>"; };
		1843A1F02DBE099A008116EB /* SHTSearchCollectionReusableView.h */ = {isa = PBXFileReference; lastKnownFileType = sourcecode.c.h; path = SHTSearchCollectionReusableView.h; sourceTree = "<group>"; };
		1843A1F12DBE099A008116EB /* SHTSearchCollectionReusableView.m */ = {isa = PBXFileReference; lastKnownFileType = sourcecode.c.objc; path = SHTSearchCollectionReusableView.m; sourceTree = "<group>"; };
		1843A1F32DBE314A008116EB /* SHTUserDefaults.h */ = {isa = PBXFileReference; lastKnownFileType = sourcecode.c.h; path = SHTUserDefaults.h; sourceTree = "<group>"; };
		1843A1F42DBE314A008116EB /* SHTUserDefaults.m */ = {isa = PBXFileReference; lastKnownFileType = sourcecode.c.objc; path = SHTUserDefaults.m; sourceTree = "<group>"; };
		1843A1F62DC0C85C008116EB /* SHTLeftAlignedFlowLayout.h */ = {isa = PBXFileReference; lastKnownFileType = sourcecode.c.h; path = SHTLeftAlignedFlowLayout.h; sourceTree = "<group>"; };
		1843A1F72DC0C85C008116EB /* SHTLeftAlignedFlowLayout.m */ = {isa = PBXFileReference; lastKnownFileType = sourcecode.c.objc; path = SHTLeftAlignedFlowLayout.m; sourceTree = "<group>"; };
		1843A1F92DC0D368008116EB /* SHTSearchTableViewCell.h */ = {isa = PBXFileReference; lastKnownFileType = sourcecode.c.h; path = SHTSearchTableViewCell.h; sourceTree = "<group>"; };
		1843A1FA2DC0D368008116EB /* SHTSearchTableViewCell.m */ = {isa = PBXFileReference; lastKnownFileType = sourcecode.c.objc; path = SHTSearchTableViewCell.m; sourceTree = "<group>"; };
		1843A1FC2DC1C826008116EB /* SHTTopLeftLabel.h */ = {isa = PBXFileReference; lastKnownFileType = sourcecode.c.h; path = SHTTopLeftLabel.h; sourceTree = "<group>"; };
		1843A1FD2DC1C826008116EB /* SHTTopLeftLabel.m */ = {isa = PBXFileReference; lastKnownFileType = sourcecode.c.objc; path = SHTTopLeftLabel.m; sourceTree = "<group>"; };
		184859B52E17CFE300012C2E /* SHTPremiumFeaturesTableViewCell.h */ = {isa = PBXFileReference; lastKnownFileType = sourcecode.c.h; path = SHTPremiumFeaturesTableViewCell.h; sourceTree = "<group>"; };
		184859B62E17CFE300012C2E /* SHTPremiumFeaturesTableViewCell.m */ = {isa = PBXFileReference; lastKnownFileType = sourcecode.c.objc; path = SHTPremiumFeaturesTableViewCell.m; sourceTree = "<group>"; };
		184859BB2E1DF86700012C2E /* SHTKindReminderTableViewCell.h */ = {isa = PBXFileReference; lastKnownFileType = sourcecode.c.h; path = SHTKindReminderTableViewCell.h; sourceTree = "<group>"; };
		184859BC2E1DF86700012C2E /* SHTKindReminderTableViewCell.m */ = {isa = PBXFileReference; lastKnownFileType = sourcecode.c.objc; path = SHTKindReminderTableViewCell.m; sourceTree = "<group>"; };
		184859BF2E1E6FE900012C2E /* kindReminder.json */ = {isa = PBXFileReference; lastKnownFileType = text.json; path = kindReminder.json; sourceTree = "<group>"; };
		184859C32E1FC9F100012C2E /* membershipServiceAgreement.html */ = {isa = PBXFileReference; lastKnownFileType = text.html; path = membershipServiceAgreement.html; sourceTree = "<group>"; };
		184859C52E2099E700012C2E /* SHTServiceAgreementViewController.h */ = {isa = PBXFileReference; lastKnownFileType = sourcecode.c.h; path = SHTServiceAgreementViewController.h; sourceTree = "<group>"; };
		184859C62E2099E700012C2E /* SHTServiceAgreementViewController.m */ = {isa = PBXFileReference; lastKnownFileType = sourcecode.c.objc; path = SHTServiceAgreementViewController.m; sourceTree = "<group>"; };
		184D458D2E2F19C50059B501 /* SHTMineHeaderCell.h */ = {isa = PBXFileReference; lastKnownFileType = sourcecode.c.h; path = SHTMineHeaderCell.h; sourceTree = "<group>"; };
		184D458E2E2F19C50059B501 /* SHTMineHeaderCell.m */ = {isa = PBXFileReference; lastKnownFileType = sourcecode.c.objc; path = SHTMineHeaderCell.m; sourceTree = "<group>"; };
		184D45902E2F24480059B501 /* SHTTableViewCell.h */ = {isa = PBXFileReference; lastKnownFileType = sourcecode.c.h; path = SHTTableViewCell.h; sourceTree = "<group>"; };
		184D45912E2F24480059B501 /* SHTTableViewCell.m */ = {isa = PBXFileReference; lastKnownFileType = sourcecode.c.objc; path = SHTTableViewCell.m; sourceTree = "<group>"; };
		184D45932E2F27690059B501 /* SHTCollectionViewCell.h */ = {isa = PBXFileReference; lastKnownFileType = sourcecode.c.h; path = SHTCollectionViewCell.h; sourceTree = "<group>"; };
		184D45942E2F27690059B501 /* SHTCollectionViewCell.m */ = {isa = PBXFileReference; lastKnownFileType = sourcecode.c.objc; path = SHTCollectionViewCell.m; sourceTree = "<group>"; };
		184D45972E30687E0059B501 /* SHTMineModel.h */ = {isa = PBXFileReference; lastKnownFileType = sourcecode.c.h; path = SHTMineModel.h; sourceTree = "<group>"; };
		184D45982E30687E0059B501 /* SHTMineModel.m */ = {isa = PBXFileReference; lastKnownFileType = sourcecode.c.objc; path = SHTMineModel.m; sourceTree = "<group>"; };
		1870418F2E122363006BFAF8 /* SHTBriefIntroductionTableViewCell.h */ = {isa = PBXFileReference; lastKnownFileType = sourcecode.c.h; path = SHTBriefIntroductionTableViewCell.h; sourceTree = "<group>"; };
		187041902E122363006BFAF8 /* SHTBriefIntroductionTableViewCell.m */ = {isa = PBXFileReference; lastKnownFileType = sourcecode.c.objc; path = SHTBriefIntroductionTableViewCell.m; sourceTree = "<group>"; };
		187041922E1233CF006BFAF8 /* SHTBriefIntroductionModel.h */ = {isa = PBXFileReference; lastKnownFileType = sourcecode.c.h; path = SHTBriefIntroductionModel.h; sourceTree = "<group>"; };
		187041932E1233CF006BFAF8 /* SHTBriefIntroductionModel.m */ = {isa = PBXFileReference; lastKnownFileType = sourcecode.c.objc; path = SHTBriefIntroductionModel.m; sourceTree = "<group>"; };
		18A8C0272D9BC978003BC3B3 /* SHTFavoritePlayletModel.h */ = {isa = PBXFileReference; lastKnownFileType = sourcecode.c.h; path = SHTFavoritePlayletModel.h; sourceTree = "<group>"; };
		18A8C0282D9BC978003BC3B3 /* SHTFavoritePlayletModel.m */ = {isa = PBXFileReference; lastKnownFileType = sourcecode.c.objc; path = SHTFavoritePlayletModel.m; sourceTree = "<group>"; };
		18A8C02A2DA6485C003BC3B3 /* SHTAlertHelper.h */ = {isa = PBXFileReference; lastKnownFileType = sourcecode.c.h; path = SHTAlertHelper.h; sourceTree = "<group>"; };
		18A8C02B2DA6485C003BC3B3 /* SHTAlertHelper.m */ = {isa = PBXFileReference; lastKnownFileType = sourcecode.c.objc; path = SHTAlertHelper.m; sourceTree = "<group>"; };
		18A8C02D2DA649A2003BC3B3 /* SHTToolsManager.h */ = {isa = PBXFileReference; lastKnownFileType = sourcecode.c.h; path = SHTToolsManager.h; sourceTree = "<group>"; };
		18A8C0302DA6608C003BC3B3 /* SHTEmptyPlaceholderView.h */ = {isa = PBXFileReference; lastKnownFileType = sourcecode.c.h; path = SHTEmptyPlaceholderView.h; sourceTree = "<group>"; };
		18A8C0312DA6608C003BC3B3 /* SHTEmptyPlaceholderView.m */ = {isa = PBXFileReference; lastKnownFileType = sourcecode.c.objc; path = SHTEmptyPlaceholderView.m; sourceTree = "<group>"; };
		18A8C0362DB0E2BB003BC3B3 /* SHTDrawVideoCollectView.h */ = {isa = PBXFileReference; lastKnownFileType = sourcecode.c.h; path = SHTDrawVideoCollectView.h; sourceTree = "<group>"; };
		18A8C0372DB0E2BB003BC3B3 /* SHTDrawVideoCollectView.m */ = {isa = PBXFileReference; lastKnownFileType = sourcecode.c.objc; path = SHTDrawVideoCollectView.m; sourceTree = "<group>"; };
		18CD2E332E37791200DD22D4 /* SHTRechargeRecordsViewController.h */ = {isa = PBXFileReference; lastKnownFileType = sourcecode.c.h; path = SHTRechargeRecordsViewController.h; sourceTree = "<group>"; };
		18CD2E342E37791200DD22D4 /* SHTRechargeRecordsViewController.m */ = {isa = PBXFileReference; lastKnownFileType = sourcecode.c.objc; path = SHTRechargeRecordsViewController.m; sourceTree = "<group>"; };
		18CD2E362E3857CA00DD22D4 /* SHTPrivacyPolicyViewController.h */ = {isa = PBXFileReference; lastKnownFileType = sourcecode.c.h; path = SHTPrivacyPolicyViewController.h; sourceTree = "<group>"; };
		18CD2E372E3857CA00DD22D4 /* SHTPrivacyPolicyViewController.m */ = {isa = PBXFileReference; lastKnownFileType = sourcecode.c.objc; path = SHTPrivacyPolicyViewController.m; sourceTree = "<group>"; };
		18CD2E392E385A1100DD22D4 /* SHTWebViewController.h */ = {isa = PBXFileReference; lastKnownFileType = sourcecode.c.h; path = SHTWebViewController.h; sourceTree = "<group>"; };
		18CD2E3A2E385A1100DD22D4 /* SHTWebViewController.m */ = {isa = PBXFileReference; lastKnownFileType = sourcecode.c.objc; path = SHTWebViewController.m; sourceTree = "<group>"; };
		18CD2E3C2E385DD400DD22D4 /* privacyPolicy.html */ = {isa = PBXFileReference; lastKnownFileType = text.html; path = privacyPolicy.html; sourceTree = "<group>"; };
		18CD2E3E2E39AAFA00DD22D4 /* SHTAppRateTool.h */ = {isa = PBXFileReference; lastKnownFileType = sourcecode.c.h; path = SHTAppRateTool.h; sourceTree = "<group>"; };
		18CD2E3F2E39AAFA00DD22D4 /* SHTAppRateTool.m */ = {isa = PBXFileReference; lastKnownFileType = sourcecode.c.objc; path = SHTAppRateTool.m; sourceTree = "<group>"; };
		18E717A82E33087600C98C2D /* SHTOthersCell.h */ = {isa = PBXFileReference; lastKnownFileType = sourcecode.c.h; path = SHTOthersCell.h; sourceTree = "<group>"; };
		18E717A92E33087600C98C2D /* SHTOthersCell.m */ = {isa = PBXFileReference; lastKnownFileType = sourcecode.c.objc; path = SHTOthersCell.m; sourceTree = "<group>"; };
		18E717AB2E330C3400C98C2D /* SHTOthersCommonCell.h */ = {isa = PBXFileReference; lastKnownFileType = sourcecode.c.h; path = SHTOthersCommonCell.h; sourceTree = "<group>"; };
		18E717AC2E330C3400C98C2D /* SHTOthersCommonCell.m */ = {isa = PBXFileReference; lastKnownFileType = sourcecode.c.objc; path = SHTOthersCommonCell.m; sourceTree = "<group>"; };
		18F582042E29E14F002A23A2 /* SHTSubscriptionManager.h */ = {isa = PBXFileReference; lastKnownFileType = sourcecode.c.h; path = SHTSubscriptionManager.h; sourceTree = "<group>"; };
		18F582052E29E14F002A23A2 /* SHTSubscriptionManager.m */ = {isa = PBXFileReference; lastKnownFileType = sourcecode.c.objc; path = SHTSubscriptionManager.m; sourceTree = "<group>"; };
		18FAC3D12DFFE92C00B91FE8 /* SHTMemberSelectionCell.h */ = {isa = PBXFileReference; lastKnownFileType = sourcecode.c.h; path = SHTMemberSelectionCell.h; sourceTree = "<group>"; };
		18FAC3D22DFFE92C00B91FE8 /* SHTMemberSelectionCell.m */ = {isa = PBXFileReference; lastKnownFileType = sourcecode.c.objc; path = SHTMemberSelectionCell.m; sourceTree = "<group>"; };
		18FAC3D32DFFE92C00B91FE8 /* SHTMemberTypeView.h */ = {isa = PBXFileReference; lastKnownFileType = sourcecode.c.h; path = SHTMemberTypeView.h; sourceTree = "<group>"; };
		18FAC3D42DFFE92C00B91FE8 /* SHTMemberTypeView.m */ = {isa = PBXFileReference; lastKnownFileType = sourcecode.c.objc; path = SHTMemberTypeView.m; sourceTree = "<group>"; };
		18FAC3D82DFFF24900B91FE8 /* SHTMemberModel.h */ = {isa = PBXFileReference; lastKnownFileType = sourcecode.c.h; path = SHTMemberModel.h; sourceTree = "<group>"; };
		18FAC3D92DFFF24900B91FE8 /* SHTMemberModel.m */ = {isa = PBXFileReference; lastKnownFileType = sourcecode.c.objc; path = SHTMemberModel.m; sourceTree = "<group>"; };
		18FAC3DF2E09452F00B91FE8 /* SHTMemberImmediatelyCell.h */ = {isa = PBXFileReference; lastKnownFileType = sourcecode.c.h; path = SHTMemberImmediatelyCell.h; sourceTree = "<group>"; };
		18FAC3E02E09452F00B91FE8 /* SHTMemberImmediatelyCell.m */ = {isa = PBXFileReference; lastKnownFileType = sourcecode.c.objc; path = SHTMemberImmediatelyCell.m; sourceTree = "<group>"; };
		31EB9005534C5A2276EF08C8 /* libPods-seaHorseTheater.a */ = {isa = PBXFileReference; explicitFileType = archive.ar; includeInIndex = 0; path = "libPods-seaHorseTheater.a"; sourceTree = BUILT_PRODUCTS_DIR; };
		721C671D2D3CC87F00843445 /* AppDelegate+DJXDelegate.h */ = {isa = PBXFileReference; lastKnownFileType = sourcecode.c.h; path = "AppDelegate+DJXDelegate.h"; sourceTree = "<group>"; };
		721C671E2D3CC87F00843445 /* AppDelegate+DJXDelegate.m */ = {isa = PBXFileReference; lastKnownFileType = sourcecode.c.objc; path = "AppDelegate+DJXDelegate.m"; sourceTree = "<group>"; };
		721C67222D3CD8E400843445 /* SHTMacros.h */ = {isa = PBXFileReference; lastKnownFileType = sourcecode.c.h; path = SHTMacros.h; sourceTree = "<group>"; };
		721C67232D3CD8E400843445 /* SHTMacros.m */ = {isa = PBXFileReference; lastKnownFileType = sourcecode.c.objc; path = SHTMacros.m; sourceTree = "<group>"; };
		721C67252D3CD97D00843445 /* SHTConfigID.h */ = {isa = PBXFileReference; lastKnownFileType = sourcecode.c.h; path = SHTConfigID.h; sourceTree = "<group>"; };
		721C67262D3CDCC300843445 /* UIView+SHT.h */ = {isa = PBXFileReference; fileEncoding = 4; lastKnownFileType = sourcecode.c.h; path = "UIView+SHT.h"; sourceTree = "<group>"; };
		721C67272D3CDCC300843445 /* UIView+SHT.m */ = {isa = PBXFileReference; fileEncoding = 4; lastKnownFileType = sourcecode.c.objc; path = "UIView+SHT.m"; sourceTree = "<group>"; };
		721C67292D3CDED500843445 /* UIKit.framework */ = {isa = PBXFileReference; lastKnownFileType = wrapper.framework; name = UIKit.framework; path = System/Library/Frameworks/UIKit.framework; sourceTree = SDKROOT; };
		721C672B2D3CE60F00843445 /* seaHorseTheater-PrefixHeader.pch */ = {isa = PBXFileReference; lastKnownFileType = sourcecode.c.h; path = "seaHorseTheater-PrefixHeader.pch"; sourceTree = "<group>"; };
		722BA2682E31265600F1E9E2 /* SHTOpenMemberAccountCell.h */ = {isa = PBXFileReference; lastKnownFileType = sourcecode.c.h; path = SHTOpenMemberAccountCell.h; sourceTree = "<group>"; };
		722BA2692E31265600F1E9E2 /* SHTOpenMemberAccountCell.m */ = {isa = PBXFileReference; lastKnownFileType = sourcecode.c.objc; path = SHTOpenMemberAccountCell.m; sourceTree = "<group>"; };
		722C406A2D868A9C00873769 /* SHTFavoriteViewController.h */ = {isa = PBXFileReference; lastKnownFileType = sourcecode.c.h; path = SHTFavoriteViewController.h; sourceTree = "<group>"; };
		722C406B2D868A9C00873769 /* SHTFavoriteViewController.m */ = {isa = PBXFileReference; lastKnownFileType = sourcecode.c.objc; path = SHTFavoriteViewController.m; sourceTree = "<group>"; };
		723FEA942DFD537E00D05C5E /* SHTMemberCenterViewController.h */ = {isa = PBXFileReference; lastKnownFileType = sourcecode.c.h; path = SHTMemberCenterViewController.h; sourceTree = "<group>"; };
		723FEA952DFD537E00D05C5E /* SHTMemberCenterViewController.m */ = {isa = PBXFileReference; lastKnownFileType = sourcecode.c.objc; path = SHTMemberCenterViewController.m; sourceTree = "<group>"; };
		723FEA972DFD56A900D05C5E /* SHTDeviceIDManager.h */ = {isa = PBXFileReference; lastKnownFileType = sourcecode.c.h; path = SHTDeviceIDManager.h; sourceTree = "<group>"; };
		723FEA982DFD56A900D05C5E /* SHTDeviceIDManager.m */ = {isa = PBXFileReference; lastKnownFileType = sourcecode.c.objc; path = SHTDeviceIDManager.m; sourceTree = "<group>"; };
		723FEA9A2DFD59CA00D05C5E /* SHTStringFormatter.h */ = {isa = PBXFileReference; lastKnownFileType = sourcecode.c.h; path = SHTStringFormatter.h; sourceTree = "<group>"; };
		723FEA9B2DFD59CA00D05C5E /* SHTStringFormatter.m */ = {isa = PBXFileReference; lastKnownFileType = sourcecode.c.objc; path = SHTStringFormatter.m; sourceTree = "<group>"; };
		72443C292D2A260B003E6189 /* seaHorseTheater.app */ = {isa = PBXFileReference; explicitFileType = wrapper.application; includeInIndex = 0; path = seaHorseTheater.app; sourceTree = BUILT_PRODUCTS_DIR; };
		72443C2C2D2A260B003E6189 /* AppDelegate.h */ = {isa = PBXFileReference; lastKnownFileType = sourcecode.c.h; path = AppDelegate.h; sourceTree = "<group>"; };
		72443C2D2D2A260B003E6189 /* AppDelegate.m */ = {isa = PBXFileReference; lastKnownFileType = sourcecode.c.objc; path = AppDelegate.m; sourceTree = "<group>"; };
		72443C382D2A260D003E6189 /* Assets.xcassets */ = {isa = PBXFileReference; lastKnownFileType = folder.assetcatalog; path = Assets.xcassets; sourceTree = "<group>"; };
		72443C3B2D2A260D003E6189 /* Base */ = {isa = PBXFileReference; lastKnownFileType = file.storyboard; name = Base; path = Base.lproj/LaunchScreen.storyboard; sourceTree = "<group>"; };
		72443C3D2D2A260D003E6189 /* Info.plist */ = {isa = PBXFileReference; lastKnownFileType = text.plist.xml; path = Info.plist; sourceTree = "<group>"; };
		72443C3E2D2A260D003E6189 /* main.m */ = {isa = PBXFileReference; lastKnownFileType = sourcecode.c.objc; path = main.m; sourceTree = "<group>"; };
		727A4E5E2DC89C500096E550 /* SHTFavoriteManager.h */ = {isa = PBXFileReference; lastKnownFileType = sourcecode.c.h; path = SHTFavoriteManager.h; sourceTree = "<group>"; };
		727A4E5F2DC89C500096E550 /* SHTFavoriteManager.m */ = {isa = PBXFileReference; lastKnownFileType = sourcecode.c.objc; path = SHTFavoriteManager.m; sourceTree = "<group>"; };
		727DE6F72D3B3EE9000681FD /* SDK_Setting_5603361.json */ = {isa = PBXFileReference; fileEncoding = 4; lastKnownFileType = text.json; path = SDK_Setting_5603361.json; sourceTree = "<group>"; };
		72821D1C2D521DD100074647 /* SHTKaiPingADViewController.h */ = {isa = PBXFileReference; lastKnownFileType = sourcecode.c.h; path = SHTKaiPingADViewController.h; sourceTree = "<group>"; };
		72821D1D2D521DD100074647 /* SHTKaiPingADViewController.m */ = {isa = PBXFileReference; lastKnownFileType = sourcecode.c.objc; path = SHTKaiPingADViewController.m; sourceTree = "<group>"; };
		728F44342E08134300361C28 /* SHTViewController.h */ = {isa = PBXFileReference; lastKnownFileType = sourcecode.c.h; path = SHTViewController.h; sourceTree = "<group>"; };
		728F44352E08134300361C28 /* SHTViewController.m */ = {isa = PBXFileReference; lastKnownFileType = sourcecode.c.objc; path = SHTViewController.m; sourceTree = "<group>"; };
		728F44372E2C8E2B00361C28 /* SHTNonSelectableTextView.h */ = {isa = PBXFileReference; lastKnownFileType = sourcecode.c.h; path = SHTNonSelectableTextView.h; sourceTree = "<group>"; };
		728F44382E2C8E2B00361C28 /* SHTNonSelectableTextView.m */ = {isa = PBXFileReference; lastKnownFileType = sourcecode.c.objc; path = SHTNonSelectableTextView.m; sourceTree = "<group>"; };
		7293FADC2E3E11ED00CBB64C /* seaHorseTheater-Swift.h */ = {isa = PBXFileReference; lastKnownFileType = sourcecode.c.h; path = "seaHorseTheater-Swift.h"; sourceTree = "<group>"; };
		7293FADD2E3E11ED00CBB64C /* SHTSubscriptionHelper.swift */ = {isa = PBXFileReference; lastKnownFileType = sourcecode.swift; path = SHTSubscriptionHelper.swift; sourceTree = "<group>"; };
		7293FADF2E42452100CBB64C /* SHTKeychainHelper.h */ = {isa = PBXFileReference; lastKnownFileType = sourcecode.c.h; path = SHTKeychainHelper.h; sourceTree = "<group>"; };
		7293FAE02E42452100CBB64C /* SHTKeychainHelper.m */ = {isa = PBXFileReference; lastKnownFileType = sourcecode.c.objc; path = SHTKeychainHelper.m; sourceTree = "<group>"; };
		72C98E762D4607BB00978694 /* AppDelegate+ADSDK.h */ = {isa = PBXFileReference; lastKnownFileType = sourcecode.c.h; path = "AppDelegate+ADSDK.h"; sourceTree = "<group>"; };
		72C98E772D4607BB00978694 /* AppDelegate+ADSDK.m */ = {isa = PBXFileReference; lastKnownFileType = sourcecode.c.objc; path = "AppDelegate+ADSDK.m"; sourceTree = "<group>"; };
		72C98E792D460F6400978694 /* SHTHomeViewController.h */ = {isa = PBXFileReference; lastKnownFileType = sourcecode.c.h; path = SHTHomeViewController.h; sourceTree = "<group>"; };
		72C98E7A2D460F6400978694 /* SHTHomeViewController.m */ = {isa = PBXFileReference; lastKnownFileType = sourcecode.c.objc; path = SHTHomeViewController.m; sourceTree = "<group>"; };
		72EB88292D6D3CE60024DDBD /* SHTTabBarController.h */ = {isa = PBXFileReference; lastKnownFileType = sourcecode.c.h; path = SHTTabBarController.h; sourceTree = "<group>"; };
		72EB882A2D6D3CE60024DDBD /* SHTTabBarController.m */ = {isa = PBXFileReference; lastKnownFileType = sourcecode.c.objc; path = SHTTabBarController.m; sourceTree = "<group>"; };
		72EB882C2D6D40430024DDBD /* SHTMineViewController.h */ = {isa = PBXFileReference; lastKnownFileType = sourcecode.c.h; path = SHTMineViewController.h; sourceTree = "<group>"; };
		72EB882D2D6D40430024DDBD /* SHTMineViewController.m */ = {isa = PBXFileReference; lastKnownFileType = sourcecode.c.objc; path = SHTMineViewController.m; sourceTree = "<group>"; };
		CCD3A7814895ECFE78979364 /* Pods-seaHorseTheater.release.xcconfig */ = {isa = PBXFileReference; includeInIndex = 1; lastKnownFileType = text.xcconfig; name = "Pods-seaHorseTheater.release.xcconfig"; path = "Target Support Files/Pods-seaHorseTheater/Pods-seaHorseTheater.release.xcconfig"; sourceTree = "<group>"; };
/* End PBXFileReference section */

/* Begin PBXFrameworksBuildPhase section */
		72443C262D2A260B003E6189 /* Frameworks */ = {
			isa = PBXFrameworksBuildPhase;
			buildActionMask = 2147483647;
			files = (
				FF4F5F36BB0BF703BFE1592F /* libPods-seaHorseTheater.a in Frameworks */,
			);
			runOnlyForDeploymentPostprocessing = 0;
		};
/* End PBXFrameworksBuildPhase section */

/* Begin PBXGroup section */
		1825940E2D894A0A00B0AD44 /* Views */ = {
			isa = PBXGroup;
			children = (
				1843A1EA2DBB7700008116EB /* SHTSearchBarView.h */,
				1843A1EB2DBB7700008116EB /* SHTSearchBarView.m */,
				1843A1ED2DBB8D93008116EB /* SHTSearchCollectionViewCell.h */,
				1843A1EE2DBB8D93008116EB /* SHTSearchCollectionViewCell.m */,
				1843A1F02DBE099A008116EB /* SHTSearchCollectionReusableView.h */,
				1843A1F12DBE099A008116EB /* SHTSearchCollectionReusableView.m */,
				1843A1F62DC0C85C008116EB /* SHTLeftAlignedFlowLayout.h */,
				1843A1F72DC0C85C008116EB /* SHTLeftAlignedFlowLayout.m */,
				1843A1F92DC0D368008116EB /* SHTSearchTableViewCell.h */,
				1843A1FA2DC0D368008116EB /* SHTSearchTableViewCell.m */,
				1843A1FC2DC1C826008116EB /* SHTTopLeftLabel.h */,
				1843A1FD2DC1C826008116EB /* SHTTopLeftLabel.m */,
			);
			path = Views;
			sourceTree = "<group>";
		};
		184859BE2E1E6F0B00012C2E /* Sources */ = {
			isa = PBXGroup;
			children = (
				184859C32E1FC9F100012C2E /* membershipServiceAgreement.html */,
				18CD2E3C2E385DD400DD22D4 /* privacyPolicy.html */,
				184859BF2E1E6FE900012C2E /* kindReminder.json */,
			);
			path = Sources;
			sourceTree = "<group>";
		};
		184D458C2E2F19230059B501 /* Views */ = {
			isa = PBXGroup;
			children = (
				184D458D2E2F19C50059B501 /* SHTMineHeaderCell.h */,
				184D458E2E2F19C50059B501 /* SHTMineHeaderCell.m */,
				722BA2682E31265600F1E9E2 /* SHTOpenMemberAccountCell.h */,
				722BA2692E31265600F1E9E2 /* SHTOpenMemberAccountCell.m */,
				18E717A82E33087600C98C2D /* SHTOthersCell.h */,
				18E717A92E33087600C98C2D /* SHTOthersCell.m */,
				18E717AB2E330C3400C98C2D /* SHTOthersCommonCell.h */,
				18E717AC2E330C3400C98C2D /* SHTOthersCommonCell.m */,
			);
			path = Views;
			sourceTree = "<group>";
		};
		184D45962E3068190059B501 /* Models */ = {
			isa = PBXGroup;
			children = (
				184D45972E30687E0059B501 /* SHTMineModel.h */,
				184D45982E30687E0059B501 /* SHTMineModel.m */,
			);
			path = Models;
			sourceTree = "<group>";
		};
		18F582032E29E10A002A23A2 /* Managers */ = {
			isa = PBXGroup;
			children = (
				18F582042E29E14F002A23A2 /* SHTSubscriptionManager.h */,
				18F582052E29E14F002A23A2 /* SHTSubscriptionManager.m */,
				7293FADD2E3E11ED00CBB64C /* SHTSubscriptionHelper.swift */,
				7293FADC2E3E11ED00CBB64C /* seaHorseTheater-Swift.h */,
			);
			path = Managers;
			sourceTree = "<group>";
		};
		18FAC3D52DFFE92C00B91FE8 /* Views */ = {
			isa = PBXGroup;
			children = (
				18FAC3D12DFFE92C00B91FE8 /* SHTMemberSelectionCell.h */,
				18FAC3D22DFFE92C00B91FE8 /* SHTMemberSelectionCell.m */,
				18FAC3D32DFFE92C00B91FE8 /* SHTMemberTypeView.h */,
				18FAC3D42DFFE92C00B91FE8 /* SHTMemberTypeView.m */,
				18FAC3DF2E09452F00B91FE8 /* SHTMemberImmediatelyCell.h */,
				18FAC3E02E09452F00B91FE8 /* SHTMemberImmediatelyCell.m */,
				1870418F2E122363006BFAF8 /* SHTBriefIntroductionTableViewCell.h */,
				187041902E122363006BFAF8 /* SHTBriefIntroductionTableViewCell.m */,
				184859B52E17CFE300012C2E /* SHTPremiumFeaturesTableViewCell.h */,
				184859B62E17CFE300012C2E /* SHTPremiumFeaturesTableViewCell.m */,
				184859BB2E1DF86700012C2E /* SHTKindReminderTableViewCell.h */,
				184859BC2E1DF86700012C2E /* SHTKindReminderTableViewCell.m */,
				728F44372E2C8E2B00361C28 /* SHTNonSelectableTextView.h */,
				728F44382E2C8E2B00361C28 /* SHTNonSelectableTextView.m */,
			);
			path = Views;
			sourceTree = "<group>";
		};
		18FAC3DB2DFFF26000B91FE8 /* Models */ = {
			isa = PBXGroup;
			children = (
				18FAC3D82DFFF24900B91FE8 /* SHTMemberModel.h */,
				18FAC3D92DFFF24900B91FE8 /* SHTMemberModel.m */,
				187041922E1233CF006BFAF8 /* SHTBriefIntroductionModel.h */,
				187041932E1233CF006BFAF8 /* SHTBriefIntroductionModel.m */,
			);
			path = Models;
			sourceTree = "<group>";
		};
		5659F838BE15B9A534274E6C /* Frameworks */ = {
			isa = PBXGroup;
			children = (
				721C67292D3CDED500843445 /* UIKit.framework */,
				31EB9005534C5A2276EF08C8 /* libPods-seaHorseTheater.a */,
			);
			name = Frameworks;
			sourceTree = "<group>";
		};
		721C671A2D3CC80700843445 /* Modules */ = {
			isa = PBXGroup;
			children = (
				721C671C2D3CC83E00843445 /* Config */,
				721C67202D3CD8C500843445 /* Utils */,
				72C98E752D4606CF00978694 /* Ad */,
				721C671B2D3CC82700843445 /* Media */,
			);
			path = Modules;
			sourceTree = "<group>";
		};
		721C671B2D3CC82700843445 /* Media */ = {
			isa = PBXGroup;
			children = (
				721C671D2D3CC87F00843445 /* AppDelegate+DJXDelegate.h */,
				721C671E2D3CC87F00843445 /* AppDelegate+DJXDelegate.m */,
				72EB88292D6D3CE60024DDBD /* SHTTabBarController.h */,
				72EB882A2D6D3CE60024DDBD /* SHTTabBarController.m */,
				728F44342E08134300361C28 /* SHTViewController.h */,
				728F44352E08134300361C28 /* SHTViewController.m */,
				18CD2E392E385A1100DD22D4 /* SHTWebViewController.h */,
				18CD2E3A2E385A1100DD22D4 /* SHTWebViewController.m */,
				184D45902E2F24480059B501 /* SHTTableViewCell.h */,
				184D45912E2F24480059B501 /* SHTTableViewCell.m */,
				184D45932E2F27690059B501 /* SHTCollectionViewCell.h */,
				184D45942E2F27690059B501 /* SHTCollectionViewCell.m */,
				723FEA9D2DFD739000D05C5E /* Home */,
				723FEAA02DFD746100D05C5E /* Favorite */,
				723FEAA42DFD756B00D05C5E /* Search */,
				723FEAA72DFD75E900D05C5E /* Mine */,
				723FEAA92DFD760200D05C5E /* MemberCenter */,
			);
			path = Media;
			sourceTree = "<group>";
		};
		721C671C2D3CC83E00843445 /* Config */ = {
			isa = PBXGroup;
			children = (
				721C67252D3CD97D00843445 /* SHTConfigID.h */,
			);
			path = Config;
			sourceTree = "<group>";
		};
		721C67202D3CD8C500843445 /* Utils */ = {
			isa = PBXGroup;
			children = (
				721C67262D3CDCC300843445 /* UIView+SHT.h */,
				721C67272D3CDCC300843445 /* UIView+SHT.m */,
				721C67222D3CD8E400843445 /* SHTMacros.h */,
				721C67232D3CD8E400843445 /* SHTMacros.m */,
				18A8C02A2DA6485C003BC3B3 /* SHTAlertHelper.h */,
				18A8C02B2DA6485C003BC3B3 /* SHTAlertHelper.m */,
				18A8C02D2DA649A2003BC3B3 /* SHTToolsManager.h */,
				1843A1DD2DB8D765008116EB /* SHTToolsManager.m */,
				727A4E5E2DC89C500096E550 /* SHTFavoriteManager.h */,
				727A4E5F2DC89C500096E550 /* SHTFavoriteManager.m */,
				1843A1F32DBE314A008116EB /* SHTUserDefaults.h */,
				1843A1F42DBE314A008116EB /* SHTUserDefaults.m */,
				1843A1DF2DB8D7A3008116EB /* SHTMBProgressManager.h */,
				1843A1E02DB8D7A3008116EB /* SHTMBProgressManager.m */,
				1843A1E72DBB349A008116EB /* SHTRouteUtil.h */,
				1843A1E82DBB349A008116EB /* SHTRouteUtil.m */,
				723FEA972DFD56A900D05C5E /* SHTDeviceIDManager.h */,
				723FEA982DFD56A900D05C5E /* SHTDeviceIDManager.m */,
				723FEA9A2DFD59CA00D05C5E /* SHTStringFormatter.h */,
				723FEA9B2DFD59CA00D05C5E /* SHTStringFormatter.m */,
				18CD2E3E2E39AAFA00DD22D4 /* SHTAppRateTool.h */,
				18CD2E3F2E39AAFA00DD22D4 /* SHTAppRateTool.m */,
				7293FADF2E42452100CBB64C /* SHTKeychainHelper.h */,
				7293FAE02E42452100CBB64C /* SHTKeychainHelper.m */,
			);
			path = Utils;
			sourceTree = "<group>";
		};
		723FEA9D2DFD739000D05C5E /* Home */ = {
			isa = PBXGroup;
			children = (
				723FEA9E2DFD73B000D05C5E /* Controllers */,
				723FEA9F2DFD73CF00D05C5E /* Views */,
			);
			path = Home;
			sourceTree = "<group>";
		};
		723FEA9E2DFD73B000D05C5E /* Controllers */ = {
			isa = PBXGroup;
			children = (
				72C98E792D460F6400978694 /* SHTHomeViewController.h */,
				72C98E7A2D460F6400978694 /* SHTHomeViewController.m */,
			);
			path = Controllers;
			sourceTree = "<group>";
		};
		723FEA9F2DFD73CF00D05C5E /* Views */ = {
			isa = PBXGroup;
			children = (
				18A8C0362DB0E2BB003BC3B3 /* SHTDrawVideoCollectView.h */,
				18A8C0372DB0E2BB003BC3B3 /* SHTDrawVideoCollectView.m */,
				1843A1D62DB8C952008116EB /* SHTVerticalButton.h */,
				1843A1D72DB8C952008116EB /* SHTVerticalButton.m */,
			);
			path = Views;
			sourceTree = "<group>";
		};
		723FEAA02DFD746100D05C5E /* Favorite */ = {
			isa = PBXGroup;
			children = (
				723FEAA32DFD749900D05C5E /* Controllers */,
				723FEAA22DFD749300D05C5E /* Views */,
				723FEAA12DFD748400D05C5E /* Models */,
			);
			path = Favorite;
			sourceTree = "<group>";
		};
		723FEAA12DFD748400D05C5E /* Models */ = {
			isa = PBXGroup;
			children = (
				18A8C0272D9BC978003BC3B3 /* SHTFavoritePlayletModel.h */,
				18A8C0282D9BC978003BC3B3 /* SHTFavoritePlayletModel.m */,
			);
			path = Models;
			sourceTree = "<group>";
		};
		723FEAA22DFD749300D05C5E /* Views */ = {
			isa = PBXGroup;
			children = (
				182594132D894B4700B0AD44 /* SHTFavoritePlayletCell.h */,
				182594142D894B4700B0AD44 /* SHTFavoritePlayletCell.m */,
				18A8C0302DA6608C003BC3B3 /* SHTEmptyPlaceholderView.h */,
				18A8C0312DA6608C003BC3B3 /* SHTEmptyPlaceholderView.m */,
			);
			path = Views;
			sourceTree = "<group>";
		};
		723FEAA32DFD749900D05C5E /* Controllers */ = {
			isa = PBXGroup;
			children = (
				722C406A2D868A9C00873769 /* SHTFavoriteViewController.h */,
				722C406B2D868A9C00873769 /* SHTFavoriteViewController.m */,
			);
			path = Controllers;
			sourceTree = "<group>";
		};
		723FEAA42DFD756B00D05C5E /* Search */ = {
			isa = PBXGroup;
			children = (
				723FEAA52DFD757600D05C5E /* Controllers */,
				1825940E2D894A0A00B0AD44 /* Views */,
			);
			path = Search;
			sourceTree = "<group>";
		};
		723FEAA52DFD757600D05C5E /* Controllers */ = {
			isa = PBXGroup;
			children = (
				1843A1E42DBB3347008116EB /* SHTSearchViewController.h */,
				1843A1E52DBB3347008116EB /* SHTSearchViewController.m */,
			);
			path = Controllers;
			sourceTree = "<group>";
		};
		723FEAA72DFD75E900D05C5E /* Mine */ = {
			isa = PBXGroup;
			children = (
				723FEAA82DFD75F100D05C5E /* Controllers */,
				184D458C2E2F19230059B501 /* Views */,
				184D45962E3068190059B501 /* Models */,
			);
			path = Mine;
			sourceTree = "<group>";
		};
		723FEAA82DFD75F100D05C5E /* Controllers */ = {
			isa = PBXGroup;
			children = (
				72EB882C2D6D40430024DDBD /* SHTMineViewController.h */,
				72EB882D2D6D40430024DDBD /* SHTMineViewController.m */,
				18CD2E332E37791200DD22D4 /* SHTRechargeRecordsViewController.h */,
				18CD2E342E37791200DD22D4 /* SHTRechargeRecordsViewController.m */,
			);
			path = Controllers;
			sourceTree = "<group>";
		};
		723FEAA92DFD760200D05C5E /* MemberCenter */ = {
			isa = PBXGroup;
			children = (
				18F582032E29E10A002A23A2 /* Managers */,
				184859BE2E1E6F0B00012C2E /* Sources */,
				72C98E712D46039600978694 /* Controllers */,
				18FAC3D52DFFE92C00B91FE8 /* Views */,
				18FAC3DB2DFFF26000B91FE8 /* Models */,
			);
			path = MemberCenter;
			sourceTree = "<group>";
		};
		72443C202D2A260B003E6189 = {
			isa = PBXGroup;
			children = (
				72443C2B2D2A260B003E6189 /* seaHorseTheater */,
				72443C2A2D2A260B003E6189 /* Products */,
				8213ADE5FA97E88633DD75BB /* Pods */,
				5659F838BE15B9A534274E6C /* Frameworks */,
			);
			sourceTree = "<group>";
		};
		72443C2A2D2A260B003E6189 /* Products */ = {
			isa = PBXGroup;
			children = (
				72443C292D2A260B003E6189 /* seaHorseTheater.app */,
			);
			name = Products;
			sourceTree = "<group>";
		};
		72443C2B2D2A260B003E6189 /* seaHorseTheater */ = {
			isa = PBXGroup;
			children = (
				72443C2C2D2A260B003E6189 /* AppDelegate.h */,
				72443C2D2D2A260B003E6189 /* AppDelegate.m */,
				721C671A2D3CC80700843445 /* Modules */,
				72443C382D2A260D003E6189 /* Assets.xcassets */,
				72443C3A2D2A260D003E6189 /* LaunchScreen.storyboard */,
				727DE6F72D3B3EE9000681FD /* SDK_Setting_5603361.json */,
				72443C3D2D2A260D003E6189 /* Info.plist */,
				72443C3E2D2A260D003E6189 /* main.m */,
				721C672B2D3CE60F00843445 /* seaHorseTheater-PrefixHeader.pch */,
				183083BA2E4197AB00DDA88A /* PrefixHeader.pch */,
			);
			path = seaHorseTheater;
			sourceTree = "<group>";
		};
		72C98E712D46039600978694 /* Controllers */ = {
			isa = PBXGroup;
			children = (
				723FEA942DFD537E00D05C5E /* SHTMemberCenterViewController.h */,
				723FEA952DFD537E00D05C5E /* SHTMemberCenterViewController.m */,
				184859C52E2099E700012C2E /* SHTServiceAgreementViewController.h */,
				184859C62E2099E700012C2E /* SHTServiceAgreementViewController.m */,
				18CD2E362E3857CA00DD22D4 /* SHTPrivacyPolicyViewController.h */,
				18CD2E372E3857CA00DD22D4 /* SHTPrivacyPolicyViewController.m */,
			);
			path = Controllers;
			sourceTree = "<group>";
		};
		72C98E752D4606CF00978694 /* Ad */ = {
			isa = PBXGroup;
			children = (
				72C98E762D4607BB00978694 /* AppDelegate+ADSDK.h */,
				72C98E772D4607BB00978694 /* AppDelegate+ADSDK.m */,
				72821D1C2D521DD100074647 /* SHTKaiPingADViewController.h */,
				72821D1D2D521DD100074647 /* SHTKaiPingADViewController.m */,
			);
			path = Ad;
			sourceTree = "<group>";
		};
		8213ADE5FA97E88633DD75BB /* Pods */ = {
			isa = PBXGroup;
			children = (
				0FE71F876FF70A76297AAC06 /* Pods-seaHorseTheater.debug.xcconfig */,
				CCD3A7814895ECFE78979364 /* Pods-seaHorseTheater.release.xcconfig */,
			);
			path = Pods;
			sourceTree = "<group>";
		};
/* End PBXGroup section */

/* Begin PBXNativeTarget section */
		72443C282D2A260B003E6189 /* seaHorseTheater */ = {
			isa = PBXNativeTarget;
			buildConfigurationList = 72443C422D2A260D003E6189 /* Build configuration list for PBXNativeTarget "seaHorseTheater" */;
			buildPhases = (
				36BB6BE444F6E2522794D55F /* [CP] Check Pods Manifest.lock */,
				72443C252D2A260B003E6189 /* Sources */,
				72443C262D2A260B003E6189 /* Frameworks */,
				72443C272D2A260B003E6189 /* Resources */,
				6CE4D6D5DDD4D12FFE69D679 /* [CP] Embed Pods Frameworks */,
				6735604BDB4C117965BAB559 /* [CP] Copy Pods Resources */,
			);
			buildRules = (
			);
			dependencies = (
			);
			name = seaHorseTheater;
			productName = seaHorseTheater;
			productReference = 72443C292D2A260B003E6189 /* seaHorseTheater.app */;
			productType = "com.apple.product-type.application";
		};
/* End PBXNativeTarget section */

/* Begin PBXProject section */
		72443C212D2A260B003E6189 /* Project object */ = {
			isa = PBXProject;
			attributes = {
				BuildIndependentTargetsInParallel = 1;
				LastUpgradeCheck = 1540;
				TargetAttributes = {
					72443C282D2A260B003E6189 = {
						CreatedOnToolsVersion = 15.4;
						LastSwiftMigration = 1620;
					};
				};
			};
			buildConfigurationList = 72443C242D2A260B003E6189 /* Build configuration list for PBXProject "seaHorseTheater" */;
			compatibilityVersion = "Xcode 14.0";
			developmentRegion = en;
			hasScannedForEncodings = 0;
			knownRegions = (
				en,
				Base,
			);
			mainGroup = 72443C202D2A260B003E6189;
			productRefGroup = 72443C2A2D2A260B003E6189 /* Products */;
			projectDirPath = "";
			projectRoot = "";
			targets = (
				72443C282D2A260B003E6189 /* seaHorseTheater */,
			);
		};
/* End PBXProject section */

/* Begin PBXResourcesBuildPhase section */
		72443C272D2A260B003E6189 /* Resources */ = {
			isa = PBXResourcesBuildPhase;
			buildActionMask = 2147483647;
			files = (
				184859C42E1FC9F100012C2E /* membershipServiceAgreement.html in Resources */,
				72443C392D2A260D003E6189 /* Assets.xcassets in Resources */,
				184859C02E1E6FE900012C2E /* kindReminder.json in Resources */,
				72443C3C2D2A260D003E6189 /* Base in Resources */,
				727DE6F82D3B3EE9000681FD /* SDK_Setting_5603361.json in Resources */,
				18CD2E3D2E385DD400DD22D4 /* privacyPolicy.html in Resources */,
			);
			runOnlyForDeploymentPostprocessing = 0;
		};
/* End PBXResourcesBuildPhase section */

/* Begin PBXShellScriptBuildPhase section */
		36BB6BE444F6E2522794D55F /* [CP] Check Pods Manifest.lock */ = {
			isa = PBXShellScriptBuildPhase;
			buildActionMask = 2147483647;
			files = (
			);
			inputFileListPaths = (
			);
			inputPaths = (
				"${PODS_PODFILE_DIR_PATH}/Podfile.lock",
				"${PODS_ROOT}/Manifest.lock",
			);
			name = "[CP] Check Pods Manifest.lock";
			outputFileListPaths = (
			);
			outputPaths = (
				"$(DERIVED_FILE_DIR)/Pods-seaHorseTheater-checkManifestLockResult.txt",
			);
			runOnlyForDeploymentPostprocessing = 0;
			shellPath = /bin/sh;
			shellScript = "diff \"${PODS_PODFILE_DIR_PATH}/Podfile.lock\" \"${PODS_ROOT}/Manifest.lock\" > /dev/null\nif [ $? != 0 ] ; then\n    # print error to STDERR\n    echo \"error: The sandbox is not in sync with the Podfile.lock. Run 'pod install' or update your CocoaPods installation.\" >&2\n    exit 1\nfi\n# This output is used by Xcode 'outputs' to avoid re-running this script phase.\necho \"SUCCESS\" > \"${SCRIPT_OUTPUT_FILE_0}\"\n";
			showEnvVarsInLog = 0;
		};
		6735604BDB4C117965BAB559 /* [CP] Copy Pods Resources */ = {
			isa = PBXShellScriptBuildPhase;
			buildActionMask = 2147483647;
			files = (
			);
			inputFileListPaths = (
				"${PODS_ROOT}/Target Support Files/Pods-seaHorseTheater/Pods-seaHorseTheater-resources-${CONFIGURATION}-input-files.xcfilelist",
			);
			name = "[CP] Copy Pods Resources";
			outputFileListPaths = (
				"${PODS_ROOT}/Target Support Files/Pods-seaHorseTheater/Pods-seaHorseTheater-resources-${CONFIGURATION}-output-files.xcfilelist",
			);
			runOnlyForDeploymentPostprocessing = 0;
			shellPath = /bin/sh;
			shellScript = "\"${PODS_ROOT}/Target Support Files/Pods-seaHorseTheater/Pods-seaHorseTheater-resources.sh\"\n";
			showEnvVarsInLog = 0;
		};
		6CE4D6D5DDD4D12FFE69D679 /* [CP] Embed Pods Frameworks */ = {
			isa = PBXShellScriptBuildPhase;
			buildActionMask = 2147483647;
			files = (
			);
			inputFileListPaths = (
				"${PODS_ROOT}/Target Support Files/Pods-seaHorseTheater/Pods-seaHorseTheater-frameworks-${CONFIGURATION}-input-files.xcfilelist",
			);
			name = "[CP] Embed Pods Frameworks";
			outputFileListPaths = (
				"${PODS_ROOT}/Target Support Files/Pods-seaHorseTheater/Pods-seaHorseTheater-frameworks-${CONFIGURATION}-output-files.xcfilelist",
			);
			runOnlyForDeploymentPostprocessing = 0;
			shellPath = /bin/sh;
			shellScript = "\"${PODS_ROOT}/Target Support Files/Pods-seaHorseTheater/Pods-seaHorseTheater-frameworks.sh\"\n";
			showEnvVarsInLog = 0;
		};
/* End PBXShellScriptBuildPhase section */

/* Begin PBXSourcesBuildPhase section */
		72443C252D2A260B003E6189 /* Sources */ = {
			isa = PBXSourcesBuildPhase;
			buildActionMask = 2147483647;
			files = (
				18A8C0322DA6608C003BC3B3 /* SHTEmptyPlaceholderView.m in Sources */,
				18A8C0382DB0E2BB003BC3B3 /* SHTDrawVideoCollectView.m in Sources */,
				184D45992E30687E0059B501 /* SHTMineModel.m in Sources */,
				721C67282D3CDCC300843445 /* UIView+SHT.m in Sources */,
				723FEA992DFD56A900D05C5E /* SHTDeviceIDManager.m in Sources */,
				187041942E1233CF006BFAF8 /* SHTBriefIntroductionModel.m in Sources */,
				72443C2E2D2A260B003E6189 /* AppDelegate.m in Sources */,
				72443C3F2D2A260D003E6189 /* main.m in Sources */,
				1843A1E92DBB349A008116EB /* SHTRouteUtil.m in Sources */,
				721C67242D3CD8E400843445 /* SHTMacros.m in Sources */,
				18E717AD2E330C3400C98C2D /* SHTOthersCommonCell.m in Sources */,
				18CD2E382E3857CA00DD22D4 /* SHTPrivacyPolicyViewController.m in Sources */,
				187041912E122363006BFAF8 /* SHTBriefIntroductionTableViewCell.m in Sources */,
				72C98E7B2D460F6400978694 /* SHTHomeViewController.m in Sources */,
				18E717AA2E33087600C98C2D /* SHTOthersCell.m in Sources */,
				18CD2E402E39AAFA00DD22D4 /* SHTAppRateTool.m in Sources */,
				723FEA9C2DFD59CA00D05C5E /* SHTStringFormatter.m in Sources */,
				1843A1DE2DB8D765008116EB /* SHTToolsManager.m in Sources */,
				7293FAE12E42452100CBB64C /* SHTKeychainHelper.m in Sources */,
				184D458F2E2F19C50059B501 /* SHTMineHeaderCell.m in Sources */,
				1843A1FE2DC1C826008116EB /* SHTTopLeftLabel.m in Sources */,
				18CD2E352E37791200DD22D4 /* SHTRechargeRecordsViewController.m in Sources */,
				728F44362E08134300361C28 /* SHTViewController.m in Sources */,
				1843A1EF2DBB8D93008116EB /* SHTSearchCollectionViewCell.m in Sources */,
				723FEA962DFD537E00D05C5E /* SHTMemberCenterViewController.m in Sources */,
				722C406C2D868A9C00873769 /* SHTFavoriteViewController.m in Sources */,
				1843A1FB2DC0D368008116EB /* SHTSearchTableViewCell.m in Sources */,
				722BA26A2E31265600F1E9E2 /* SHTOpenMemberAccountCell.m in Sources */,
				72821D1E2D521DD100074647 /* SHTKaiPingADViewController.m in Sources */,
				18A8C0292D9BC978003BC3B3 /* SHTFavoritePlayletModel.m in Sources */,
				727A4E602DC89C500096E550 /* SHTFavoriteManager.m in Sources */,
				184859BD2E1DF86700012C2E /* SHTKindReminderTableViewCell.m in Sources */,
				1843A1E12DB8D7A3008116EB /* SHTMBProgressManager.m in Sources */,
				184D45922E2F24480059B501 /* SHTTableViewCell.m in Sources */,
				18A8C02C2DA6485C003BC3B3 /* SHTAlertHelper.m in Sources */,
				18CD2E3B2E385A1100DD22D4 /* SHTWebViewController.m in Sources */,
				721C671F2D3CC87F00843445 /* AppDelegate+DJXDelegate.m in Sources */,
				1843A1F52DBE314A008116EB /* SHTUserDefaults.m in Sources */,
				184859C72E2099E700012C2E /* SHTServiceAgreementViewController.m in Sources */,
				72EB882E2D6D40430024DDBD /* SHTMineViewController.m in Sources */,
				1843A1F22DBE099A008116EB /* SHTSearchCollectionReusableView.m in Sources */,
				184859B72E17CFE300012C2E /* SHTPremiumFeaturesTableViewCell.m in Sources */,
				1843A1F82DC0C85C008116EB /* SHTLeftAlignedFlowLayout.m in Sources */,
				7293FADE2E3E11ED00CBB64C /* SHTSubscriptionHelper.swift in Sources */,
				1843A1D82DB8C952008116EB /* SHTVerticalButton.m in Sources */,
				1843A1E62DBB3348008116EB /* SHTSearchViewController.m in Sources */,
				18FAC3E12E09452F00B91FE8 /* SHTMemberImmediatelyCell.m in Sources */,
				728F44392E2C8E2B00361C28 /* SHTNonSelectableTextView.m in Sources */,
				184D45952E2F27690059B501 /* SHTCollectionViewCell.m in Sources */,
				72EB882B2D6D3CE60024DDBD /* SHTTabBarController.m in Sources */,
				182594152D894B4700B0AD44 /* SHTFavoritePlayletCell.m in Sources */,
				18F582062E29E14F002A23A2 /* SHTSubscriptionManager.m in Sources */,
				18FAC3D62DFFE92C00B91FE8 /* SHTMemberTypeView.m in Sources */,
				18FAC3D72DFFE92C00B91FE8 /* SHTMemberSelectionCell.m in Sources */,
				1843A1EC2DBB7700008116EB /* SHTSearchBarView.m in Sources */,
				18FAC3DA2DFFF24900B91FE8 /* SHTMemberModel.m in Sources */,
				72C98E782D4607BB00978694 /* AppDelegate+ADSDK.m in Sources */,
			);
			runOnlyForDeploymentPostprocessing = 0;
		};
/* End PBXSourcesBuildPhase section */

/* Begin PBXVariantGroup section */
		72443C3A2D2A260D003E6189 /* LaunchScreen.storyboard */ = {
			isa = PBXVariantGroup;
			children = (
				72443C3B2D2A260D003E6189 /* Base */,
			);
			name = LaunchScreen.storyboard;
			sourceTree = "<group>";
		};
/* End PBXVariantGroup section */

/* Begin XCBuildConfiguration section */
		72443C402D2A260D003E6189 /* Debug */ = {
			isa = XCBuildConfiguration;
			buildSettings = {
				ALWAYS_SEARCH_USER_PATHS = NO;
				ASSETCATALOG_COMPILER_GENERATE_SWIFT_ASSET_SYMBOL_EXTENSIONS = YES;
				CLANG_ANALYZER_NONNULL = YES;
				CLANG_ANALYZER_NUMBER_OBJECT_CONVERSION = YES_AGGRESSIVE;
				CLANG_CXX_LANGUAGE_STANDARD = "gnu++20";
				CLANG_ENABLE_MODULES = YES;
				CLANG_ENABLE_OBJC_ARC = YES;
				CLANG_ENABLE_OBJC_WEAK = YES;
				CLANG_WARN_BLOCK_CAPTURE_AUTORELEASING = YES;
				CLANG_WARN_BOOL_CONVERSION = YES;
				CLANG_WARN_COMMA = YES;
				CLANG_WARN_CONSTANT_CONVERSION = YES;
				CLANG_WARN_DEPRECATED_OBJC_IMPLEMENTATIONS = YES;
				CLANG_WARN_DIRECT_OBJC_ISA_USAGE = YES_ERROR;
				CLANG_WARN_DOCUMENTATION_COMMENTS = YES;
				CLANG_WARN_EMPTY_BODY = YES;
				CLANG_WARN_ENUM_CONVERSION = YES;
				CLANG_WARN_INFINITE_RECURSION = YES;
				CLANG_WARN_INT_CONVERSION = YES;
				CLANG_WARN_NON_LITERAL_NULL_CONVERSION = YES;
				CLANG_WARN_OBJC_IMPLICIT_RETAIN_SELF = YES;
				CLANG_WARN_OBJC_LITERAL_CONVERSION = YES;
				CLANG_WARN_OBJC_ROOT_CLASS = YES_ERROR;
				CLANG_WARN_QUOTED_INCLUDE_IN_FRAMEWORK_HEADER = YES;
				CLANG_WARN_RANGE_LOOP_ANALYSIS = YES;
				CLANG_WARN_STRICT_PROTOTYPES = YES;
				CLANG_WARN_SUSPICIOUS_MOVE = YES;
				CLANG_WARN_UNGUARDED_AVAILABILITY = YES_AGGRESSIVE;
				CLANG_WARN_UNREACHABLE_CODE = YES;
				CLANG_WARN__DUPLICATE_METHOD_MATCH = YES;
				COPY_PHASE_STRIP = NO;
				DEBUG_INFORMATION_FORMAT = dwarf;
				ENABLE_STRICT_OBJC_MSGSEND = YES;
				ENABLE_TESTABILITY = YES;
				ENABLE_USER_SCRIPT_SANDBOXING = YES;
				GCC_C_LANGUAGE_STANDARD = gnu17;
				GCC_DYNAMIC_NO_PIC = NO;
				GCC_NO_COMMON_BLOCKS = YES;
				GCC_OPTIMIZATION_LEVEL = 0;
				GCC_PREPROCESSOR_DEFINITIONS = (
					"DEBUG=1",
					"$(inherited)",
				);
				GCC_WARN_64_TO_32_BIT_CONVERSION = YES;
				GCC_WARN_ABOUT_RETURN_TYPE = YES_ERROR;
				GCC_WARN_UNDECLARED_SELECTOR = YES;
				GCC_WARN_UNINITIALIZED_AUTOS = YES_AGGRESSIVE;
				GCC_WARN_UNUSED_FUNCTION = YES;
				GCC_WARN_UNUSED_VARIABLE = YES;
				IPHONEOS_DEPLOYMENT_TARGET = 17.5;
				LOCALIZATION_PREFERS_STRING_CATALOGS = YES;
				MTL_ENABLE_DEBUG_INFO = INCLUDE_SOURCE;
				MTL_FAST_MATH = YES;
				ONLY_ACTIVE_ARCH = YES;
				SDKROOT = iphoneos;
			};
			name = Debug;
		};
		72443C412D2A260D003E6189 /* Release */ = {
			isa = XCBuildConfiguration;
			buildSettings = {
				ALWAYS_SEARCH_USER_PATHS = NO;
				ASSETCATALOG_COMPILER_GENERATE_SWIFT_ASSET_SYMBOL_EXTENSIONS = YES;
				CLANG_ANALYZER_NONNULL = YES;
				CLANG_ANALYZER_NUMBER_OBJECT_CONVERSION = YES_AGGRESSIVE;
				CLANG_CXX_LANGUAGE_STANDARD = "gnu++20";
				CLANG_ENABLE_MODULES = YES;
				CLANG_ENABLE_OBJC_ARC = YES;
				CLANG_ENABLE_OBJC_WEAK = YES;
				CLANG_WARN_BLOCK_CAPTURE_AUTORELEASING = YES;
				CLANG_WARN_BOOL_CONVERSION = YES;
				CLANG_WARN_COMMA = YES;
				CLANG_WARN_CONSTANT_CONVERSION = YES;
				CLANG_WARN_DEPRECATED_OBJC_IMPLEMENTATIONS = YES;
				CLANG_WARN_DIRECT_OBJC_ISA_USAGE = YES_ERROR;
				CLANG_WARN_DOCUMENTATION_COMMENTS = YES;
				CLANG_WARN_EMPTY_BODY = YES;
				CLANG_WARN_ENUM_CONVERSION = YES;
				CLANG_WARN_INFINITE_RECURSION = YES;
				CLANG_WARN_INT_CONVERSION = YES;
				CLANG_WARN_NON_LITERAL_NULL_CONVERSION = YES;
				CLANG_WARN_OBJC_IMPLICIT_RETAIN_SELF = YES;
				CLANG_WARN_OBJC_LITERAL_CONVERSION = YES;
				CLANG_WARN_OBJC_ROOT_CLASS = YES_ERROR;
				CLANG_WARN_QUOTED_INCLUDE_IN_FRAMEWORK_HEADER = YES;
				CLANG_WARN_RANGE_LOOP_ANALYSIS = YES;
				CLANG_WARN_STRICT_PROTOTYPES = YES;
				CLANG_WARN_SUSPICIOUS_MOVE = YES;
				CLANG_WARN_UNGUARDED_AVAILABILITY = YES_AGGRESSIVE;
				CLANG_WARN_UNREACHABLE_CODE = YES;
				CLANG_WARN__DUPLICATE_METHOD_MATCH = YES;
				COPY_PHASE_STRIP = NO;
				DEBUG_INFORMATION_FORMAT = "dwarf-with-dsym";
				ENABLE_NS_ASSERTIONS = NO;
				ENABLE_STRICT_OBJC_MSGSEND = YES;
				ENABLE_USER_SCRIPT_SANDBOXING = YES;
				GCC_C_LANGUAGE_STANDARD = gnu17;
				GCC_NO_COMMON_BLOCKS = YES;
				GCC_WARN_64_TO_32_BIT_CONVERSION = YES;
				GCC_WARN_ABOUT_RETURN_TYPE = YES_ERROR;
				GCC_WARN_UNDECLARED_SELECTOR = YES;
				GCC_WARN_UNINITIALIZED_AUTOS = YES_AGGRESSIVE;
				GCC_WARN_UNUSED_FUNCTION = YES;
				GCC_WARN_UNUSED_VARIABLE = YES;
				IPHONEOS_DEPLOYMENT_TARGET = 17.5;
				LOCALIZATION_PREFERS_STRING_CATALOGS = YES;
				MTL_ENABLE_DEBUG_INFO = NO;
				MTL_FAST_MATH = YES;
				SDKROOT = iphoneos;
				VALIDATE_PRODUCT = YES;
			};
			name = Release;
		};
		72443C432D2A260D003E6189 /* Debug */ = {
			isa = XCBuildConfiguration;
			baseConfigurationReference = 0FE71F876FF70A76297AAC06 /* Pods-seaHorseTheater.debug.xcconfig */;
			buildSettings = {
				ASSETCATALOG_COMPILER_APPICON_NAME = AppIcon;
				ASSETCATALOG_COMPILER_GLOBAL_ACCENT_COLOR_NAME = AccentColor;
				CLANG_ENABLE_MODULES = YES;
				CODE_SIGN_IDENTITY = "Apple Development";
				CODE_SIGN_STYLE = Automatic;
				CURRENT_PROJECT_VERSION = 1;
				DEFINES_MODULE = YES;
				DEVELOPMENT_TEAM = 396F66BN9F;
				ENABLE_USER_SCRIPT_SANDBOXING = NO;
				GCC_PREFIX_HEADER = "$(SRCROOT)/seaHorseTheater/seaHorseTheater-PrefixHeader.pch";
				GENERATE_INFOPLIST_FILE = YES;
				INFOPLIST_FILE = seaHorseTheater/Info.plist;
				INFOPLIST_KEY_CFBundleDisplayName = Pangrowth;
				INFOPLIST_KEY_NSUserTrackingUsageDescription = "需要使用IDFA个性化您的广告";
				INFOPLIST_KEY_UIApplicationSupportsIndirectInputEvents = YES;
				INFOPLIST_KEY_UILaunchStoryboardName = LaunchScreen;
				INFOPLIST_KEY_UIRequiredDeviceCapabilities = armv7;
				INFOPLIST_KEY_UISupportedInterfaceOrientations = "UIInterfaceOrientationPortrait UIInterfaceOrientationLandscapeLeft UIInterfaceOrientationLandscapeRight";
				INFOPLIST_KEY_UISupportedInterfaceOrientations_iPad = "UIInterfaceOrientationPortrait UIInterfaceOrientationPortraitUpsideDown UIInterfaceOrientationLandscapeLeft UIInterfaceOrientationLandscapeRight";
				INFOPLIST_KEY_UISupportedInterfaceOrientations_iPhone = "UIInterfaceOrientationPortrait UIInterfaceOrientationLandscapeLeft UIInterfaceOrientationLandscapeRight";
				IPHONEOS_DEPLOYMENT_TARGET = 15.6;
				LD_RUNPATH_SEARCH_PATHS = (
					"$(inherited)",
					"@executable_path/Frameworks",
				);
				MARKETING_VERSION = 1.0;
				PRODUCT_BUNDLE_IDENTIFIER = com.hujiaofen.seaHorseTheaterasabc;
				PRODUCT_NAME = "$(TARGET_NAME)";
				PROVISIONING_PROFILE_SPECIFIER = "";
				SWIFT_EMIT_LOC_STRINGS = YES;
				SWIFT_OBJC_BRIDGING_HEADER = "seaHorseTheater/Modules/Media/MemberCenter/Managers/seaHorseTheater-Swift.h";
				SWIFT_OPTIMIZATION_LEVEL = "-Onone";
				SWIFT_VERSION = 6.0;
				TARGETED_DEVICE_FAMILY = "1,2";
			};
			name = Debug;
		};
		72443C442D2A260D003E6189 /* Release */ = {
			isa = XCBuildConfiguration;
			baseConfigurationReference = CCD3A7814895ECFE78979364 /* Pods-seaHorseTheater.release.xcconfig */;
			buildSettings = {
				ASSETCATALOG_COMPILER_APPICON_NAME = AppIcon;
				ASSETCATALOG_COMPILER_GLOBAL_ACCENT_COLOR_NAME = AccentColor;
				CLANG_ENABLE_MODULES = YES;
				CODE_SIGN_IDENTITY = "Apple Development";
				CODE_SIGN_STYLE = Automatic;
				CURRENT_PROJECT_VERSION = 1;
				DEFINES_MODULE = YES;
				DEVELOPMENT_TEAM = 396F66BN9F;
				ENABLE_USER_SCRIPT_SANDBOXING = NO;
				GCC_PREFIX_HEADER = "$(SRCROOT)/seaHorseTheater/seaHorseTheater-PrefixHeader.pch";
				GENERATE_INFOPLIST_FILE = YES;
				INFOPLIST_FILE = seaHorseTheater/Info.plist;
				INFOPLIST_KEY_CFBundleDisplayName = Pangrowth;
				INFOPLIST_KEY_NSUserTrackingUsageDescription = "需要使用IDFA个性化您的广告";
				INFOPLIST_KEY_UIApplicationSupportsIndirectInputEvents = YES;
				INFOPLIST_KEY_UILaunchStoryboardName = LaunchScreen;
				INFOPLIST_KEY_UIRequiredDeviceCapabilities = armv7;
				INFOPLIST_KEY_UISupportedInterfaceOrientations = "UIInterfaceOrientationPortrait UIInterfaceOrientationLandscapeLeft UIInterfaceOrientationLandscapeRight";
				INFOPLIST_KEY_UISupportedInterfaceOrientations_iPad = "UIInterfaceOrientationPortrait UIInterfaceOrientationPortraitUpsideDown UIInterfaceOrientationLandscapeLeft UIInterfaceOrientationLandscapeRight";
				INFOPLIST_KEY_UISupportedInterfaceOrientations_iPhone = "UIInterfaceOrientationPortrait UIInterfaceOrientationLandscapeLeft UIInterfaceOrientationLandscapeRight";
				IPHONEOS_DEPLOYMENT_TARGET = 15.6;
				LD_RUNPATH_SEARCH_PATHS = (
					"$(inherited)",
					"@executable_path/Frameworks",
				);
				MARKETING_VERSION = 1.0;
				PRODUCT_BUNDLE_IDENTIFIER = com.hujiaofen.seaHorseTheaterasabc;
				PRODUCT_NAME = "$(TARGET_NAME)";
				PROVISIONING_PROFILE_SPECIFIER = "";
				SWIFT_EMIT_LOC_STRINGS = YES;
				SWIFT_OBJC_BRIDGING_HEADER = "seaHorseTheater/Modules/Media/MemberCenter/Managers/seaHorseTheater-Swift.h";
				SWIFT_VERSION = 6.0;
				TARGETED_DEVICE_FAMILY = "1,2";
			};
			name = Release;
		};
/* End XCBuildConfiguration section */

/* Begin XCConfigurationList section */
		72443C242D2A260B003E6189 /* Build configuration list for PBXProject "seaHorseTheater" */ = {
			isa = XCConfigurationList;
			buildConfigurations = (
				72443C402D2A260D003E6189 /* Debug */,
				72443C412D2A260D003E6189 /* Release */,
			);
			defaultConfigurationIsVisible = 0;
			defaultConfigurationName = Release;
		};
		72443C422D2A260D003E6189 /* Build configuration list for PBXNativeTarget "seaHorseTheater" */ = {
			isa = XCConfigurationList;
			buildConfigurations = (
				72443C432D2A260D003E6189 /* Debug */,
				72443C442D2A260D003E6189 /* Release */,
			);
			defaultConfigurationIsVisible = 0;
			defaultConfigurationName = Release;
		};
/* End XCConfigurationList section */
	};
	rootObject = 72443C212D2A260B003E6189 /* Project object */;
}
